// !$*UTF8*$!
{
	archiveVersion = 1;
	classes = {
	};
	objectVersion = 50;
	objects = {

/* Begin PBXBuildFile section */
		8830F4FF23EC73F9008DF41F /* AppDelegate.swift in Sources */ = {isa = PBXBuildFile; fileRef = 8830F4FE23EC73F9008DF41F /* AppDelegate.swift */; };
		8830F50123EC73F9008DF41F /* SceneDelegate.swift in Sources */ = {isa = PBXBuildFile; fileRef = 8830F50023EC73F9008DF41F /* SceneDelegate.swift */; };
		8830F50323EC73F9008DF41F /* ViewController.swift in Sources */ = {isa = PBXBuildFile; fileRef = 8830F50223EC73F9008DF41F /* ViewController.swift */; };
		8830F50623EC73F9008DF41F /* Main.storyboard in Resources */ = {isa = PBXBuildFile; fileRef = 8830F50423EC73F9008DF41F /* Main.storyboard */; };
		8830F50823EC73FD008DF41F /* Assets.xcassets in Resources */ = {isa = PBXBuildFile; fileRef = 8830F50723EC73FD008DF41F /* Assets.xcassets */; };
		8830F50B23EC73FD008DF41F /* LaunchScreen.storyboard in Resources */ = {isa = PBXBuildFile; fileRef = 8830F50923EC73FD008DF41F /* LaunchScreen.storyboard */; };
		883569382412EADE008A6694 /* MemeViewController.swift in Sources */ = {isa = PBXBuildFile; fileRef = 883569372412EADE008A6694 /* MemeViewController.swift */; };
		8867A66123FDFA20009B9F9F /* TextFieldDelegate.swift in Sources */ = {isa = PBXBuildFile; fileRef = 8867A66023FDFA20009B9F9F /* TextFieldDelegate.swift */; };
		8867A6632402FFB1009B9F9F /* MemeInfo.swift in Sources */ = {isa = PBXBuildFile; fileRef = 8867A6622402FFB1009B9F9F /* MemeInfo.swift */; };
		88B61FF32412E0E9002B6FF9 /* TableViewController.swift in Sources */ = {isa = PBXBuildFile; fileRef = 88B61FF22412E0E9002B6FF9 /* TableViewController.swift */; };
		88B61FF52412E0FA002B6FF9 /* CollectionViewController.swift in Sources */ = {isa = PBXBuildFile; fileRef = 88B61FF42412E0FA002B6FF9 /* CollectionViewController.swift */; };
		88B61FF72412E111002B6FF9 /* CollectionViewCell.swift in Sources */ = {isa = PBXBuildFile; fileRef = 88B61FF62412E111002B6FF9 /* CollectionViewCell.swift */; };
/* End PBXBuildFile section */

/* Begin PBXFileReference section */
		8830F4FB23EC73F9008DF41F /* MemeMe.app */ = {isa = PBXFileReference; explicitFileType = wrapper.application; includeInIndex = 0; path = MemeMe.app; sourceTree = BUILT_PRODUCTS_DIR; };
		8830F4FE23EC73F9008DF41F /* AppDelegate.swift */ = {isa = PBXFileReference; lastKnownFileType = sourcecode.swift; path = AppDelegate.swift; sourceTree = "<group>"; };
		8830F50023EC73F9008DF41F /* SceneDelegate.swift */ = {isa = PBXFileReference; lastKnownFileType = sourcecode.swift; path = SceneDelegate.swift; sourceTree = "<group>"; };
		8830F50223EC73F9008DF41F /* ViewController.swift */ = {isa = PBXFileReference; lastKnownFileType = sourcecode.swift; path = ViewController.swift; sourceTree = "<group>"; };
		8830F50523EC73F9008DF41F /* Base */ = {isa = PBXFileReference; lastKnownFileType = file.storyboard; name = Base; path = Base.lproj/Main.storyboard; sourceTree = "<group>"; };
		8830F50723EC73FD008DF41F /* Assets.xcassets */ = {isa = PBXFileReference; lastKnownFileType = folder.assetcatalog; path = Assets.xcassets; sourceTree = "<group>"; };
		8830F50A23EC73FD008DF41F /* Base */ = {isa = PBXFileReference; lastKnownFileType = file.storyboard; name = Base; path = Base.lproj/LaunchScreen.storyboard; sourceTree = "<group>"; };
		8830F50C23EC73FD008DF41F /* Info.plist */ = {isa = PBXFileReference; lastKnownFileType = text.plist.xml; path = Info.plist; sourceTree = "<group>"; };
		883569372412EADE008A6694 /* MemeViewController.swift */ = {isa = PBXFileReference; lastKnownFileType = sourcecode.swift; path = MemeViewController.swift; sourceTree = "<group>"; };
		8867A66023FDFA20009B9F9F /* TextFieldDelegate.swift */ = {isa = PBXFileReference; lastKnownFileType = sourcecode.swift; path = TextFieldDelegate.swift; sourceTree = "<group>"; };
		8867A6622402FFB1009B9F9F /* MemeInfo.swift */ = {isa = PBXFileReference; lastKnownFileType = sourcecode.swift; path = MemeInfo.swift; sourceTree = "<group>"; };
		88B61FF22412E0E9002B6FF9 /* TableViewController.swift */ = {isa = PBXFileReference; lastKnownFileType = sourcecode.swift; path = TableViewController.swift; sourceTree = "<group>"; };
		88B61FF42412E0FA002B6FF9 /* CollectionViewController.swift */ = {isa = PBXFileReference; lastKnownFileType = sourcecode.swift; path = CollectionViewController.swift; sourceTree = "<group>"; };
		88B61FF62412E111002B6FF9 /* CollectionViewCell.swift */ = {isa = PBXFileReference; lastKnownFileType = sourcecode.swift; path = CollectionViewCell.swift; sourceTree = "<group>"; };
/* End PBXFileReference section */

/* Begin PBXFrameworksBuildPhase section */
		8830F4F823EC73F9008DF41F /* Frameworks */ = {
			isa = PBXFrameworksBuildPhase;
			buildActionMask = 2147483647;
			files = (
			);
			runOnlyForDeploymentPostprocessing = 0;
		};
/* End PBXFrameworksBuildPhase section */

/* Begin PBXGroup section */
		8830F4F223EC73F8008DF41F = {
			isa = PBXGroup;
			children = (
				8830F4FD23EC73F9008DF41F /* MemeMe */,
				8830F4FC23EC73F9008DF41F /* Products */,
			);
			sourceTree = "<group>";
		};
		8830F4FC23EC73F9008DF41F /* Products */ = {
			isa = PBXGroup;
			children = (
				8830F4FB23EC73F9008DF41F /* MemeMe.app */,
			);
			name = Products;
			sourceTree = "<group>";
		};
		8830F4FD23EC73F9008DF41F /* MemeMe */ = {
			isa = PBXGroup;
			children = (
				8830F4FE23EC73F9008DF41F /* AppDelegate.swift */,
				8830F50023EC73F9008DF41F /* SceneDelegate.swift */,
				8830F50223EC73F9008DF41F /* ViewController.swift */,
				883569372412EADE008A6694 /* MemeViewController.swift */,
				88B61FF22412E0E9002B6FF9 /* TableViewController.swift */,
				88B61FF42412E0FA002B6FF9 /* CollectionViewController.swift */,
				88B61FF62412E111002B6FF9 /* CollectionViewCell.swift */,
				8867A6622402FFB1009B9F9F /* MemeInfo.swift */,
				88E5D42A23FDF85800BE640E /* Delegates */,
				8830F50423EC73F9008DF41F /* Main.storyboard */,
				8830F50723EC73FD008DF41F /* Assets.xcassets */,
				8830F50923EC73FD008DF41F /* LaunchScreen.storyboard */,
				8830F50C23EC73FD008DF41F /* Info.plist */,
			);
			path = MemeMe;
			sourceTree = "<group>";
		};
		88E5D42A23FDF85800BE640E /* Delegates */ = {
			isa = PBXGroup;
			children = (
				8867A66023FDFA20009B9F9F /* TextFieldDelegate.swift */,
			);
			path = Delegates;
			sourceTree = "<group>";
		};
/* End PBXGroup section */

/* Begin PBXNativeTarget section */
		8830F4FA23EC73F9008DF41F /* MemeMe */ = {
			isa = PBXNativeTarget;
			buildConfigurationList = 8830F50F23EC73FD008DF41F /* Build configuration list for PBXNativeTarget "MemeMe" */;
			buildPhases = (
				8830F4F723EC73F9008DF41F /* Sources */,
				8830F4F823EC73F9008DF41F /* Frameworks */,
				8830F4F923EC73F9008DF41F /* Resources */,
			);
			buildRules = (
			);
			dependencies = (
			);
			name = MemeMe;
			productName = MemeMe;
			productReference = 8830F4FB23EC73F9008DF41F /* MemeMe.app */;
			productType = "com.apple.product-type.application";
		};
/* End PBXNativeTarget section */

/* Begin PBXProject section */
		8830F4F323EC73F8008DF41F /* Project object */ = {
			isa = PBXProject;
			attributes = {
				LastSwiftUpdateCheck = 1130;
				LastUpgradeCheck = 1130;
				ORGANIZATIONNAME = "Sumair Zamir";
				TargetAttributes = {
					8830F4FA23EC73F9008DF41F = {
						CreatedOnToolsVersion = 11.3.1;
					};
				};
			};
			buildConfigurationList = 8830F4F623EC73F8008DF41F /* Build configuration list for PBXProject "MemeMe" */;
			compatibilityVersion = "Xcode 9.3";
			developmentRegion = en;
			hasScannedForEncodings = 0;
			knownRegions = (
				en,
				Base,
			);
			mainGroup = 8830F4F223EC73F8008DF41F;
			productRefGroup = 8830F4FC23EC73F9008DF41F /* Products */;
			projectDirPath = "";
			projectRoot = "";
			targets = (
				8830F4FA23EC73F9008DF41F /* MemeMe */,
			);
		};
/* End PBXProject section */

/* Begin PBXResourcesBuildPhase section */
		8830F4F923EC73F9008DF41F /* Resources */ = {
			isa = PBXResourcesBuildPhase;
			buildActionMask = 2147483647;
			files = (
				8830F50B23EC73FD008DF41F /* LaunchScreen.storyboard in Resources */,
				8830F50823EC73FD008DF41F /* Assets.xcassets in Resources */,
				8830F50623EC73F9008DF41F /* Main.storyboard in Resources */,
			);
			runOnlyForDeploymentPostprocessing = 0;
		};
/* End PBXResourcesBuildPhase section */

/* Begin PBXSourcesBuildPhase section */
		8830F4F723EC73F9008DF41F /* Sources */ = {
			isa = PBXSourcesBuildPhase;
			buildActionMask = 2147483647;
			files = (
				8830F50323EC73F9008DF41F /* ViewController.swift in Sources */,
				88B61FF32412E0E9002B6FF9 /* TableViewController.swift in Sources */,
				88B61FF72412E111002B6FF9 /* CollectionViewCell.swift in Sources */,
				8830F4FF23EC73F9008DF41F /* AppDelegate.swift in Sources */,
				883569382412EADE008A6694 /* MemeViewController.swift in Sources */,
				8867A6632402FFB1009B9F9F /* MemeInfo.swift in Sources */,
				88B61FF52412E0FA002B6FF9 /* CollectionViewController.swift in Sources */,
				8867A66123FDFA20009B9F9F /* TextFieldDelegate.swift in Sources */,
				8830F50123EC73F9008DF41F /* SceneDelegate.swift in Sources */,
			);
			runOnlyForDeploymentPostprocessing = 0;
		};
/* End PBXSourcesBuildPhase section */

/* Begin PBXVariantGroup section */
		8830F50423EC73F9008DF41F /* Main.storyboard */ = {
			isa = PBXVariantGroup;
			children = (
				8830F50523EC73F9008DF41F /* Base */,
			);
			name = Main.storyboard;
			sourceTree = "<group>";
		};
		8830F50923EC73FD008DF41F /* LaunchScreen.storyboard */ = {
			isa = PBXVariantGroup;
			children = (
				8830F50A23EC73FD008DF41F /* Base */,
			);
			name = LaunchScreen.storyboard;
			sourceTree = "<group>";
		};
/* End PBXVariantGroup section */

/* Begin XCBuildConfiguration section */
		8830F50D23EC73FD008DF41F /* Debug */ = {
			isa = XCBuildConfiguration;
			buildSettings = {
				ALWAYS_SEARCH_USER_PATHS = NO;
				CLANG_ANALYZER_NONNULL = YES;
				CLANG_ANALYZER_NUMBER_OBJECT_CONVERSION = YES_AGGRESSIVE;
				CLANG_CXX_LANGUAGE_STANDARD = "gnu++14";
				CLANG_CXX_LIBRARY = "libc++";
				CLANG_ENABLE_MODULES = YES;
				CLANG_ENABLE_OBJC_ARC = YES;
				CLANG_ENABLE_OBJC_WEAK = YES;
				CLANG_WARN_BLOCK_CAPTURE_AUTORELEASING = YES;
				CLANG_WARN_BOOL_CONVERSION = YES;
				CLANG_WARN_COMMA = YES;
				CLANG_WARN_CONSTANT_CONVERSION = YES;
				CLANG_WARN_DEPRECATED_OBJC_IMPLEMENTATIONS = YES;
				CLANG_WARN_DIRECT_OBJC_ISA_USAGE = YES_ERROR;
				CLANG_WARN_DOCUMENTATION_COMMENTS = YES;
				CLANG_WARN_EMPTY_BODY = YES;
				CLANG_WARN_ENUM_CONVERSION = YES;
				CLANG_WARN_INFINITE_RECURSION = YES;
				CLANG_WARN_INT_CONVERSION = YES;
				CLANG_WARN_NON_LITERAL_NULL_CONVERSION = YES;
				CLANG_WARN_OBJC_IMPLICIT_RETAIN_SELF = YES;
				CLANG_WARN_OBJC_LITERAL_CONVERSION = YES;
				CLANG_WARN_OBJC_ROOT_CLASS = YES_ERROR;
				CLANG_WARN_RANGE_LOOP_ANALYSIS = YES;
				CLANG_WARN_STRICT_PROTOTYPES = YES;
				CLANG_WARN_SUSPICIOUS_MOVE = YES;
				CLANG_WARN_UNGUARDED_AVAILABILITY = YES_AGGRESSIVE;
				CLANG_WARN_UNREACHABLE_CODE = YES;
				CLANG_WARN__DUPLICATE_METHOD_MATCH = YES;
				COPY_PHASE_STRIP = NO;
				DEBUG_INFORMATION_FORMAT = dwarf;
				ENABLE_STRICT_OBJC_MSGSEND = YES;
				ENABLE_TESTABILITY = YES;
				GCC_C_LANGUAGE_STANDARD = gnu11;
				GCC_DYNAMIC_NO_PIC = NO;
				GCC_NO_COMMON_BLOCKS = YES;
				GCC_OPTIMIZATION_LEVEL = 0;
				GCC_PREPROCESSOR_DEFINITIONS = (
					"DEBUG=1",
					"$(inherited)",
				);
				GCC_WARN_64_TO_32_BIT_CONVERSION = YES;
				GCC_WARN_ABOUT_RETURN_TYPE = YES_ERROR;
				GCC_WARN_UNDECLARED_SELECTOR = YES;
				GCC_WARN_UNINITIALIZED_AUTOS = YES_AGGRESSIVE;
				GCC_WARN_UNUSED_FUNCTION = YES;
				GCC_WARN_UNUSED_VARIABLE = YES;
				IPHONEOS_DEPLOYMENT_TARGET = 13.2;
				MTL_ENABLE_DEBUG_INFO = INCLUDE_SOURCE;
				MTL_FAST_MATH = YES;
				ONLY_ACTIVE_ARCH = YES;
				SDKROOT = iphoneos;
				SWIFT_ACTIVE_COMPILATION_CONDITIONS = DEBUG;
				SWIFT_OPTIMIZATION_LEVEL = "-Onone";
			};
			name = Debug;
		};
		8830F50E23EC73FD008DF41F /* Release */ = {
			isa = XCBuildConfiguration;
			buildSettings = {
				ALWAYS_SEARCH_USER_PATHS = NO;
				CLANG_ANALYZER_NONNULL = YES;
				CLANG_ANALYZER_NUMBER_OBJECT_CONVERSION = YES_AGGRESSIVE;
				CLANG_CXX_LANGUAGE_STANDARD = "gnu++14";
				CLANG_CXX_LIBRARY = "libc++";
				CLANG_ENABLE_MODULES = YES;
				CLANG_ENABLE_OBJC_ARC = YES;
				CLANG_ENABLE_OBJC_WEAK = YES;
				CLANG_WARN_BLOCK_CAPTURE_AUTORELEASING = YES;
				CLANG_WARN_BOOL_CONVERSION = YES;
				CLANG_WARN_COMMA = YES;
				CLANG_WARN_CONSTANT_CONVERSION = YES;
				CLANG_WARN_DEPRECATED_OBJC_IMPLEMENTATIONS = YES;
				CLANG_WARN_DIRECT_OBJC_ISA_USAGE = YES_ERROR;
				CLANG_WARN_DOCUMENTATION_COMMENTS = YES;
				CLANG_WARN_EMPTY_BODY = YES;
				CLANG_WARN_ENUM_CONVERSION = YES;
				CLANG_WARN_INFINITE_RECURSION = YES;
				CLANG_WARN_INT_CONVERSION = YES;
				CLANG_WARN_NON_LITERAL_NULL_CONVERSION = YES;
				CLANG_WARN_OBJC_IMPLICIT_RETAIN_SELF = YES;
				CLANG_WARN_OBJC_LITERAL_CONVERSION = YES;
				CLANG_WARN_OBJC_ROOT_CLASS = YES_ERROR;
				CLANG_WARN_RANGE_LOOP_ANALYSIS = YES;
				CLANG_WARN_STRICT_PROTOTYPES = YES;
				CLANG_WARN_SUSPICIOUS_MOVE = YES;
				CLANG_WARN_UNGUARDED_AVAILABILITY = YES_AGGRESSIVE;
				CLANG_WARN_UNREACHABLE_CODE = YES;
				CLANG_WARN__DUPLICATE_METHOD_MATCH = YES;
				COPY_PHASE_STRIP = NO;
				DEBUG_INFORMATION_FORMAT = "dwarf-with-dsym";
				ENABLE_NS_ASSERTIONS = NO;
				ENABLE_STRICT_OBJC_MSGSEND = YES;
				GCC_C_LANGUAGE_STANDARD = gnu11;
				GCC_NO_COMMON_BLOCKS = YES;
				GCC_WARN_64_TO_32_BIT_CONVERSION = YES;
				GCC_WARN_ABOUT_RETURN_TYPE = YES_ERROR;
				GCC_WARN_UNDECLARED_SELECTOR = YES;
				GCC_WARN_UNINITIALIZED_AUTOS = YES_AGGRESSIVE;
				GCC_WARN_UNUSED_FUNCTION = YES;
				GCC_WARN_UNUSED_VARIABLE = YES;
				IPHONEOS_DEPLOYMENT_TARGET = 13.2;
				MTL_ENABLE_DEBUG_INFO = NO;
				MTL_FAST_MATH = YES;
				SDKROOT = iphoneos;
				SWIFT_COMPILATION_MODE = wholemodule;
				SWIFT_OPTIMIZATION_LEVEL = "-O";
				VALIDATE_PRODUCT = YES;
			};
			name = Release;
		};
		8830F51023EC73FD008DF41F /* Debug */ = {
			isa = XCBuildConfiguration;
			buildSettings = {
				ASSETCATALOG_COMPILER_APPICON_NAME = AppIcon;
				CODE_SIGN_STYLE = Automatic;
				DEVELOPMENT_TEAM = 2AMAMNTQA2;
				INFOPLIST_FILE = MemeMe/Info.plist;
				LD_RUNPATH_SEARCH_PATHS = (
					"$(inherited)",
					"@executable_path/Frameworks",
				);
				PRODUCT_BUNDLE_IDENTIFIER = com.sumair.MemeMe;
				PRODUCT_NAME = "$(TARGET_NAME)";
				SWIFT_VERSION = 5.0;
				TARGETED_DEVICE_FAMILY = "1,2";
			};
			name = Debug;
		};
		8830F51123EC73FD008DF41F /* Release */ = {
			isa = XCBuildConfiguration;
			buildSettings = {
				ASSETCATALOG_COMPILER_APPICON_NAME = AppIcon;
				CODE_SIGN_STYLE = Automatic;
				DEVELOPMENT_TEAM = 2AMAMNTQA2;
				INFOPLIST_FILE = MemeMe/Info.plist;
				LD_RUNPATH_SEARCH_PATHS = (
					"$(inherited)",
					"@executable_path/Frameworks",
				);
				PRODUCT_BUNDLE_IDENTIFIER = com.sumair.MemeMe;
				PRODUCT_NAME = "$(TARGET_NAME)";
				SWIFT_VERSION = 5.0;
				TARGETED_DEVICE_FAMILY = "1,2";
			};
			name = Release;
		};
/* End XCBuildConfiguration section */

/* Begin XCConfigurationList section */
		8830F4F623EC73F8008DF41F /* Build configuration list for PBXProject "MemeMe" */ = {
			isa = XCConfigurationList;
			buildConfigurations = (
				8830F50D23EC73FD008DF41F /* Debug */,
				8830F50E23EC73FD008DF41F /* Release */,
			);
			defaultConfigurationIsVisible = 0;
			defaultConfigurationName = Release;
		};
		8830F50F23EC73FD008DF41F /* Build configuration list for PBXNativeTarget "MemeMe" */ = {
			isa = XCConfigurationList;
			buildConfigurations = (
				8830F51023EC73FD008DF41F /* Debug */,
				8830F51123EC73FD008DF41F /* Release */,
			);
			defaultConfigurationIsVisible = 0;
			defaultConfigurationName = Release;
		};
/* End XCConfigurationList section */
	};
	rootObject = 8830F4F323EC73F8008DF41F /* Project object */;
}
